
Microsoft Visual Studio Solution File, Format Version 12.00
# Visual Studio Version 16
VisualStudioVersion = 16.0.33328.57
MinimumVisualStudioVersion = 10.0.40219.1
Project("{FAE04EC0-301F-11D3-BF4B-00C04F79EFBC}") = "TickTackToeGame", "TickTackToeGame\TickTackToeGame.csproj", "{B15EB4E2-185D-407C-9AF0-A269D6E61C6F}"
EndProject
Global
	GlobalSection(SolutionConfigurationPlatforms) = preSolution
		Debug|Any CPU = Debug|Any CPU
		Release|Any CPU = Release|Any CPU
	EndGlobalSection
	GlobalSection(ProjectConfigurationPlatforms) = postSolution
		{B15EB4E2-185D-407C-9AF0-A269D6E61C6F}.Debug|Any CPU.ActiveCfg = Debug|Any CPU
		{B15EB4E2-185D-407C-9AF0-A269D6E61C6F}.Debug|Any CPU.Build.0 = Debug|Any CPU
		{B15EB4E2-185D-407C-9AF0-A269D6E61C6F}.Release|Any CPU.ActiveCfg = Release|Any CPU
		{B15EB4E2-185D-407C-9AF0-A269D6E61C6F}.Release|Any CPU.Build.0 = Release|Any CPU
	EndGlobalSection
	GlobalSection(SolutionProperties) = preSolution
		HideSolutionNode = FALSE
	EndGlobalSection
	GlobalSection(ExtensibilityGlobals) = postSolution
		SolutionGuid = {B392F96D-E9D8-4E7F-A818-187FDB8AE163}
	EndGlobalSection
EndGlobal
